[[package]]
name = "engineering-notation"
version = "0.6.0"
summary = "Easy engineering notation"

[[package]]
name = "keras"
version = "2.10.0"
summary = "Deep learning for humans."

[[package]]
name = "pythonturtle"
version = "0.3.2"
requires_python = ">=3"
summary = "An educational environment for learning Python, suitable for beginners"

[[package]]
name = "tk-tools"
version = "0.16.0"
summary = "Tkinter-native toolset and widget library"
dependencies = [
    "engineering-notation>=0.5",
]

[metadata]
lock_version = "4.0"
content_hash = "sha256:1d2e3f0c5fc5c1954278bf5ebb3c88a778c58cec69befb3eaa3c62054653f82a"

[metadata.files]
"engineering-notation 0.6.0" = [
    {url = "https://files.pythonhosted.org/packages/d4/c4/4712b8020b8a3ada129581be891e2dbbd6a4cf54195ea2b80f89bbc51756/engineering_notation-0.6.0-py3-none-any.whl", hash = "sha256:1ea1e450d575b4804723d0711b0609d2711dffac2f4b5548ee632c16a636d9f6"},
]
"keras 2.10.0" = [
    {url = "https://files.pythonhosted.org/packages/f9/4d/dc255a437c9616b155e5bd55e325e092b7cdcb4652361d733ae051d40853/keras-2.10.0-py2.py3-none-any.whl", hash = "sha256:26a6e2c2522e7468ddea22710a99b3290493768fc08a39e75d1173a0e3452fdf"},
]
"pythonturtle 0.3.2" = [
    {url = "https://files.pythonhosted.org/packages/32/b1/2267c041fd484f864c575d69ebac593bb511d2f91d14dfaea24e63203025/PythonTurtle-0.3.2.tar.gz", hash = "sha256:bd5628ab23a73189ec1cb9effbddf2f9fb43613ee9c971cf0954700b202d8534"},
    {url = "https://files.pythonhosted.org/packages/5e/df/b83ffcf5626d59af2247d257cb252996df0559f2e07bec3de1bad9a619f0/PythonTurtle-0.3.2-py3-none-any.whl", hash = "sha256:255d1912c79e34c47e93684e915ea74c584d38bc94637c16a161212ce332b6b5"},
]
"tk-tools 0.16.0" = [
    {url = "https://files.pythonhosted.org/packages/0f/14/c9e03e6f8e00225ecffed24e12a8f99718a9b6b553272d9bded74a763445/tk_tools-0.16.0-py3-none-any.whl", hash = "sha256:3c1e343e02cbc7769fe8b36bf3ad04a47cf593936f87274a2fc99de7c20bdd5c"},
]
